
Microsoft Visual Studio Solution File, Format Version 12.00
# Visual Studio Version 16
VisualStudioVersion = 16.0.31515.178
MinimumVisualStudioVersion = 10.0.40219.1
Project("{FAE04EC0-301F-11D3-BF4B-00C04F79EFBC}") = "Position", "Position\Position.csproj", "{DB8DE528-8392-4A5D-8241-672C8DAE0552}"
EndProject
Global
	GlobalSection(SolutionConfigurationPlatforms) = preSolution
		Debug|Any CPU = Debug|Any CPU
		Release|Any CPU = Release|Any CPU
	EndGlobalSection
	GlobalSection(ProjectConfigurationPlatforms) = postSolution
		{DB8DE528-8392-4A5D-8241-672C8DAE0552}.Debug|Any CPU.ActiveCfg = Debug|Any CPU
		{DB8DE528-8392-4A5D-8241-672C8DAE0552}.Debug|Any CPU.Build.0 = Debug|Any CPU
		{DB8DE528-8392-4A5D-8241-672C8DAE0552}.Release|Any CPU.ActiveCfg = Release|Any CPU
		{DB8DE528-8392-4A5D-8241-672C8DAE0552}.Release|Any CPU.Build.0 = Release|Any CPU
	EndGlobalSection
	GlobalSection(SolutionProperties) = preSolution
		HideSolutionNode = FALSE
	EndGlobalSection
	GlobalSection(ExtensibilityGlobals) = postSolution
		SolutionGuid = {BA9544BA-1ABF-48B7-8E45-83D03E35620B}
	EndGlobalSection
EndGlobal
